[[package]]
category = "main"
description = "A high-level Python Web framework that encourages rapid development and clean, pragmatic design."
name = "django"
optional = false
python-versions = ">=3.5"
version = "2.1.4"

[package.dependencies]
pytz = "*"

[[package]]
category = "main"
description = "Pure Python MySQL Driver"
name = "pymysql"
optional = false
python-versions = "*"
version = "0.9.3"

[[package]]
category = "main"
description = "World timezone definitions, modern and historical"
name = "pytz"
optional = false
python-versions = "*"
version = "2018.7"

[metadata]
content-hash = "2c2d826e5efbb3200c9b435ef50a93dfdf4de0d31da0e26f92aedfab1defc4d6"
python-versions = "3.7"

[metadata.hashes]
django = ["068d51054083d06ceb32ce02b7203f1854256047a0d58682677dd4f81bceabd7", "55409a056b27e6d1246f19ede41c6c610e4cab549c005b62cbeefabc6433356b"]
pymysql = ["3943fbbbc1e902f41daf7f9165519f140c4451c179380677e6a848587042561a", "d8c059dcd81dedb85a9f034d5e22dcb4442c0b201908bede99e306d65ea7c8e7"]
pytz = ["31cb35c89bd7d333cd32c5f278fca91b523b0834369e757f4c5641ea252236ca", "8e0f8568c118d3077b46be7d654cc8167fa916092e28320cde048e54bfc9f1e6"]
