[[package]]
category = "main"
description = "A high-level Python Web framework that encourages rapid development and clean, pragmatic design."
name = "django"
optional = false
python-versions = ">=3.5"
version = "2.1.7"

[package.dependencies]
pytz = "*"

[[package]]
category = "main"
description = "Pure Python MySQL Driver"
name = "pymysql"
optional = false
python-versions = "*"
version = "0.9.3"

[[package]]
category = "main"
description = "World timezone definitions, modern and historical"
name = "pytz"
optional = false
python-versions = "*"
version = "2018.9"

[metadata]
content-hash = "b7e7a4b3b0bc2ac0194f9436c5b6b253285407fb2a3e403ad140a8e96d69a14c"
python-versions = "3.7.2"

[metadata.hashes]
django = ["275bec66fd2588dd517ada59b8bfb23d4a9abc5a362349139ddda3c7ff6f5ade", "939652e9d34d7d53d74d5d8ef82a19e5f8bb2de75618f7e5360691b6e9667963"]
pymysql = ["3943fbbbc1e902f41daf7f9165519f140c4451c179380677e6a848587042561a", "d8c059dcd81dedb85a9f034d5e22dcb4442c0b201908bede99e306d65ea7c8e7"]
pytz = ["32b0891edff07e28efe91284ed9c31e123d84bea3fd98e1f72be2508f43ef8d9", "d5f05e487007e29e03409f9398d074e158d920d36eb82eaf66fb1136b0c5374c"]
